{
  "nodes": {
    "esquid": {
      "inputs": {
        "nixpkgs": [
          "nixpkgs"
        ]
      },
      "locked": {
        "lastModified": 1682903408,
        "narHash": "sha256-W+CTNeqTFwTgEfFZbIFH56zPlveLmoDhSrIUW0kpKTM=",
        "owner": "Things-N-Stuff",
        "repo": "eSquid",
        "rev": "4499666171c68dae7541a5ba8c1c79235052d1b5",
        "type": "github"
      },
      "original": {
        "owner": "Things-N-Stuff",
        "repo": "eSquid",
        "type": "github"
      }
    },
    "flake-compat": {
      "flake": false,
      "locked": {
        "lastModified": 1673956053,
        "narHash": "sha256-4gtG9iQuiKITOjNQQeQIpoIB6b16fm+504Ch3sNKLd8=",
        "owner": "edolstra",
        "repo": "flake-compat",
        "rev": "35bb57c0c8d8b62bbfd284272c928ceb64ddbde9",
        "type": "github"
      },
      "original": {
        "owner": "edolstra",
        "repo": "flake-compat",
        "type": "github"
      }
    },
    "flake-utils": {
      "inputs": {
        "systems": "systems"
      },
      "locked": {
        "lastModified": 1681202837,
        "narHash": "sha256-H+Rh19JDwRtpVPAWp64F+rlEtxUWBAQW28eAi3SRSzg=",
        "owner": "numtide",
        "repo": "flake-utils",
        "rev": "cfacdce06f30d2b68473a46042957675eebb3401",
        "type": "github"
      },
      "original": {
        "owner": "numtide",
        "repo": "flake-utils",
        "type": "github"
      }
    },
    "home-manager": {
      "inputs": {
        "nixpkgs": [
          "nixpkgs"
        ]
      },
      "locked": {
        "lastModified": 1708031129,
        "narHash": "sha256-EH20hJfNnc1/ODdDVat9B7aKm0B95L3YtkIRwKLvQG8=",
        "owner": "nix-community",
        "repo": "home-manager",
        "rev": "3d6791b3897b526c82920a2ab5f61d71985b3cf8",
        "type": "github"
      },
      "original": {
        "owner": "nix-community",
        "repo": "home-manager",
        "type": "github"
      }
    },
    "nix-minecraft": {
      "inputs": {
        "flake-compat": "flake-compat",
        "flake-utils": "flake-utils",
        "nixpkgs": [
          "nixpkgs"
        ]
      },
      "locked": {
        "lastModified": 1708132460,
        "narHash": "sha256-qINWCY4dq6Hzvxd3QY5OTKhE4FPsNSoas5thNwpttk4=",
        "owner": "Infinidoge",
        "repo": "nix-minecraft",
        "rev": "e8109d2e605a376109d5329c428c8d2d933470f1",
        "type": "github"
      },
      "original": {
        "owner": "Infinidoge",
        "repo": "nix-minecraft",
        "type": "github"
      }
    },
    "nixpkgs": {
      "locked": {
        "lastModified": 1708118438,
        "narHash": "sha256-kk9/0nuVgA220FcqH/D2xaN6uGyHp/zoxPNUmPCMmEE=",
        "owner": "NixOS",
        "repo": "nixpkgs",
        "rev": "5863c27340ba4de8f83e7e3c023b9599c3cb3c80",
        "type": "github"
      },
      "original": {
        "owner": "NixOS",
        "ref": "nixos-unstable",
        "repo": "nixpkgs",
        "type": "github"
      }
    },
    "nixpkgs-stable": {
      "locked": {
        "lastModified": 1707603439,
        "narHash": "sha256-LodBVZ3+ehJP2azM5oj+JrhfNAAzmTJ/OwAIOn0RfZ0=",
        "owner": "NixOS",
        "repo": "nixpkgs",
        "rev": "d8cd80616c8800feec0cab64331d7c3d5a1a6d98",
        "type": "github"
      },
      "original": {
        "owner": "NixOS",
        "ref": "release-23.11",
        "repo": "nixpkgs",
        "type": "github"
      }
    },
    "root": {
      "inputs": {
        "esquid": "esquid",
        "home-manager": "home-manager",
        "nix-minecraft": "nix-minecraft",
        "nixpkgs": "nixpkgs",
        "sops-nix": "sops-nix",
        "yemou-scripts": "yemou-scripts"
      }
    },
    "sops-nix": {
      "inputs": {
        "nixpkgs": [
          "nixpkgs"
        ],
        "nixpkgs-stable": "nixpkgs-stable"
      },
      "locked": {
        "lastModified": 1707842202,
        "narHash": "sha256-3dTBbCzHJBinwhsisGJHW1HLBsLbj91+a5ZDXt7ttW0=",
        "owner": "Mic92",
        "repo": "sops-nix",
        "rev": "48afd3264ec52bee85231a7122612e2c5202fa74",
        "type": "github"
      },
      "original": {
        "owner": "Mic92",
        "repo": "sops-nix",
        "type": "github"
      }
    },
    "systems": {
      "locked": {
        "lastModified": 1681028828,
        "narHash": "sha256-Vy1rq5AaRuLzOxct8nz4T6wlgyUR7zLU309k9mBC768=",
        "owner": "nix-systems",
        "repo": "default",
        "rev": "da67096a3b9bf56a91d16901293e51ba5b49a27e",
        "type": "github"
      },
      "original": {
        "owner": "nix-systems",
        "repo": "default",
        "type": "github"
      }
    },
    "yemou-scripts": {
      "inputs": {
        "nixpkgs": [
          "nixpkgs"
        ]
      },
      "locked": {
        "lastModified": 1705635077,
        "narHash": "sha256-itxXV1qG8plLbiW6beGabzuKUMf7DzOObLAT5miRUOs=",
        "owner": "yemou",
        "repo": "scripts",
        "rev": "b5bcc101b1ea4b1d9544d14e45a00507e19b9a78",
        "type": "gitlab"
      },
      "original": {
        "owner": "yemou",
        "repo": "scripts",
        "type": "gitlab"
      }
    }
  },
  "root": "root",
  "version": 7
}
